// !$*UTF8*$!
{
	archiveVersion = 1;
	classes = {
	};
	objectVersion = 70;
	objects = {

/* Begin PBXBuildFile section */
		AA9251AE2C4406ED003CDFA3 /* StepsApp.swift in Sources */ = {isa = PBXBuildFile; fileRef = AA9251AD2C4406ED003CDFA3 /* StepsApp.swift */; };
		AA9251B22C4406EE003CDFA3 /* Assets.xcassets in Resources */ = {isa = PBXBuildFile; fileRef = AA9251B12C4406EE003CDFA3 /* Assets.xcassets */; };
		AA9251B52C4406EE003CDFA3 /* Preview Assets.xcassets in Resources */ = {isa = PBXBuildFile; fileRef = AA9251B42C4406EE003CDFA3 /* Preview Assets.xcassets */; };
		AA9251BF2C4406EE003CDFA3 /* StepsTests.swift in Sources */ = {isa = PBXBuildFile; fileRef = AA9251BE2C4406EE003CDFA3 /* StepsTests.swift */; };
		AA9251C92C4406EE003CDFA3 /* StepsUITests.swift in Sources */ = {isa = PBXBuildFile; fileRef = AA9251C82C4406EE003CDFA3 /* StepsUITests.swift */; };
		AA9251CB2C4406EE003CDFA3 /* StepsUITestsLaunchTests.swift in Sources */ = {isa = PBXBuildFile; fileRef = AA9251CA2C4406EE003CDFA3 /* StepsUITestsLaunchTests.swift */; };
/* End PBXBuildFile section */

/* Begin PBXContainerItemProxy section */
		AA9251BB2C4406EE003CDFA3 /* PBXContainerItemProxy */ = {
			isa = PBXContainerItemProxy;
			containerPortal = AA9251A22C4406ED003CDFA3 /* Project object */;
			proxyType = 1;
			remoteGlobalIDString = AA9251A92C4406ED003CDFA3;
			remoteInfo = Steps;
		};
		AA9251C52C4406EE003CDFA3 /* PBXContainerItemProxy */ = {
			isa = PBXContainerItemProxy;
			containerPortal = AA9251A22C4406ED003CDFA3 /* Project object */;
			proxyType = 1;
			remoteGlobalIDString = AA9251A92C4406ED003CDFA3;
			remoteInfo = Steps;
		};
/* End PBXContainerItemProxy section */

/* Begin PBXFileReference section */
		AA9251AA2C4406ED003CDFA3 /* Steps.app */ = {isa = PBXFileReference; explicitFileType = wrapper.application; includeInIndex = 0; path = Steps.app; sourceTree = BUILT_PRODUCTS_DIR; };
		AA9251AD2C4406ED003CDFA3 /* StepsApp.swift */ = {isa = PBXFileReference; lastKnownFileType = sourcecode.swift; path = StepsApp.swift; sourceTree = "<group>"; };
		AA9251B12C4406EE003CDFA3 /* Assets.xcassets */ = {isa = PBXFileReference; lastKnownFileType = folder.assetcatalog; path = Assets.xcassets; sourceTree = "<group>"; };
		AA9251B42C4406EE003CDFA3 /* Preview Assets.xcassets */ = {isa = PBXFileReference; lastKnownFileType = folder.assetcatalog; path = "Preview Assets.xcassets"; sourceTree = "<group>"; };
		AA9251BA2C4406EE003CDFA3 /* StepsTests.xctest */ = {isa = PBXFileReference; explicitFileType = wrapper.cfbundle; includeInIndex = 0; path = StepsTests.xctest; sourceTree = BUILT_PRODUCTS_DIR; };
		AA9251BE2C4406EE003CDFA3 /* StepsTests.swift */ = {isa = PBXFileReference; lastKnownFileType = sourcecode.swift; path = StepsTests.swift; sourceTree = "<group>"; };
		AA9251C42C4406EE003CDFA3 /* StepsUITests.xctest */ = {isa = PBXFileReference; explicitFileType = wrapper.cfbundle; includeInIndex = 0; path = StepsUITests.xctest; sourceTree = BUILT_PRODUCTS_DIR; };
		AA9251C82C4406EE003CDFA3 /* StepsUITests.swift */ = {isa = PBXFileReference; lastKnownFileType = sourcecode.swift; path = StepsUITests.swift; sourceTree = "<group>"; };
		AA9251CA2C4406EE003CDFA3 /* StepsUITestsLaunchTests.swift */ = {isa = PBXFileReference; lastKnownFileType = sourcecode.swift; path = StepsUITestsLaunchTests.swift; sourceTree = "<group>"; };
		AAB6833D2C4616AA007FFB64 /* Steps.entitlements */ = {isa = PBXFileReference; lastKnownFileType = text.plist.entitlements; path = Steps.entitlements; sourceTree = "<group>"; };
/* End PBXFileReference section */

/* Begin PBXFileSystemSynchronizedBuildFileExceptionSet section */
		AA8501CA2C650A0B00851349 /* PBXFileSystemSynchronizedBuildFileExceptionSet */ = {
			isa = PBXFileSystemSynchronizedBuildFileExceptionSet;
			membershipExceptions = (
				HealthKitService.swift,
			);
			target = AA9251A92C4406ED003CDFA3 /* Steps */;
		};
		AA8501CB2C650A2700851349 /* PBXFileSystemSynchronizedBuildFileExceptionSet */ = {
			isa = PBXFileSystemSynchronizedBuildFileExceptionSet;
			membershipExceptions = (
				ChartDataTypes.swift,
				ChartMath.swift,
				StepBarChart.swift,
			);
			target = AA9251A92C4406ED003CDFA3 /* Steps */;
		};
		AA8501CC2C650A8D00851349 /* PBXFileSystemSynchronizedBuildFileExceptionSet */ = {
			isa = PBXFileSystemSynchronizedBuildFileExceptionSet;
			membershipExceptions = (
				HealthMetric.swift,
				HealthMetricContext.swift,
			);
			target = AA9251A92C4406ED003CDFA3 /* Steps */;
		};
		AA8501CD2C650AA400851349 /* PBXFileSystemSynchronizedBuildFileExceptionSet */ = {
			isa = PBXFileSystemSynchronizedBuildFileExceptionSet;
			membershipExceptions = (
				DashboardView.swift,
				HealthDataListView.swift,
				HKPermissionPrimerView.swift,
			);
			target = AA9251A92C4406ED003CDFA3 /* Steps */;
		};
		AA8501CF2C650AD700851349 /* PBXFileSystemSynchronizedBuildFileExceptionSet */ = {
			isa = PBXFileSystemSynchronizedBuildFileExceptionSet;
			membershipExceptions = (
				BackgroundGradient.swift,
			);
			target = AA9251A92C4406ED003CDFA3 /* Steps */;
		};
		AA8501DA2C65294500851349 /* PBXFileSystemSynchronizedBuildFileExceptionSet */ = {
			isa = PBXFileSystemSynchronizedBuildFileExceptionSet;
			membershipExceptions = (
				"Date+Ext.swift",
			);
			target = AA9251A92C4406ED003CDFA3 /* Steps */;
		};
/* End PBXFileSystemSynchronizedBuildFileExceptionSet section */

/* Begin PBXFileSystemSynchronizedRootGroup section */
		AA8501C52C65099600851349 /* Model */ = {isa = PBXFileSystemSynchronizedRootGroup; exceptions = (AA8501CC2C650A8D00851349 /* PBXFileSystemSynchronizedBuildFileExceptionSet */, ); explicitFileTypes = {}; explicitFolders = (); path = Model; sourceTree = "<group>"; };
		AA8501C62C6509DF00851349 /* Screens */ = {isa = PBXFileSystemSynchronizedRootGroup; exceptions = (AA8501CD2C650AA400851349 /* PBXFileSystemSynchronizedBuildFileExceptionSet */, ); explicitFileTypes = {}; explicitFolders = (); path = Screens; sourceTree = "<group>"; };
		AA8501C72C6509EF00851349 /* Services */ = {isa = PBXFileSystemSynchronizedRootGroup; exceptions = (AA8501CA2C650A0B00851349 /* PBXFileSystemSynchronizedBuildFileExceptionSet */, ); explicitFileTypes = {}; explicitFolders = (); path = Services; sourceTree = "<group>"; };
		AA8501C92C6509FC00851349 /* Charts */ = {isa = PBXFileSystemSynchronizedRootGroup; exceptions = (AA8501CB2C650A2700851349 /* PBXFileSystemSynchronizedBuildFileExceptionSet */, ); explicitFileTypes = {}; explicitFolders = (); path = Charts; sourceTree = "<group>"; };
		AA8501CE2C650AC800851349 /* Components */ = {isa = PBXFileSystemSynchronizedRootGroup; exceptions = (AA8501CF2C650AD700851349 /* PBXFileSystemSynchronizedBuildFileExceptionSet */, ); explicitFileTypes = {}; explicitFolders = (); path = Components; sourceTree = "<group>"; };
		AA8501D72C6528EA00851349 /* Extensions */ = {isa = PBXFileSystemSynchronizedRootGroup; exceptions = (AA8501DA2C65294500851349 /* PBXFileSystemSynchronizedBuildFileExceptionSet */, ); explicitFileTypes = {}; explicitFolders = (); path = Extensions; sourceTree = "<group>"; };
/* End PBXFileSystemSynchronizedRootGroup section */

/* Begin PBXFrameworksBuildPhase section */
		AA9251A72C4406ED003CDFA3 /* Frameworks */ = {
			isa = PBXFrameworksBuildPhase;
			buildActionMask = 2147483647;
			files = (
			);
			runOnlyForDeploymentPostprocessing = 0;
		};
		AA9251B72C4406EE003CDFA3 /* Frameworks */ = {
			isa = PBXFrameworksBuildPhase;
			buildActionMask = 2147483647;
			files = (
			);
			runOnlyForDeploymentPostprocessing = 0;
		};
		AA9251C12C4406EE003CDFA3 /* Frameworks */ = {
			isa = PBXFrameworksBuildPhase;
			buildActionMask = 2147483647;
			files = (
			);
			runOnlyForDeploymentPostprocessing = 0;
		};
/* End PBXFrameworksBuildPhase section */

/* Begin PBXGroup section */
		AA9251A12C4406ED003CDFA3 = {
			isa = PBXGroup;
			children = (
				AA9251AC2C4406ED003CDFA3 /* Steps */,
				AA9251BD2C4406EE003CDFA3 /* StepsTests */,
				AA9251C72C4406EE003CDFA3 /* StepsUITests */,
				AA9251AB2C4406ED003CDFA3 /* Products */,
			);
			sourceTree = "<group>";
		};
		AA9251AB2C4406ED003CDFA3 /* Products */ = {
			isa = PBXGroup;
			children = (
				AA9251AA2C4406ED003CDFA3 /* Steps.app */,
				AA9251BA2C4406EE003CDFA3 /* StepsTests.xctest */,
				AA9251C42C4406EE003CDFA3 /* StepsUITests.xctest */,
			);
			name = Products;
			sourceTree = "<group>";
		};
		AA9251AC2C4406ED003CDFA3 /* Steps */ = {
			isa = PBXGroup;
			children = (
				AA9251AD2C4406ED003CDFA3 /* StepsApp.swift */,
				AA8501C52C65099600851349 /* Model */,
				AA8501C92C6509FC00851349 /* Charts */,
				AA8501CE2C650AC800851349 /* Components */,
				AA8501C62C6509DF00851349 /* Screens */,
				AA8501C72C6509EF00851349 /* Services */,
				AA8501D72C6528EA00851349 /* Extensions */,
				AA9251B12C4406EE003CDFA3 /* Assets.xcassets */,
				AAB6833D2C4616AA007FFB64 /* Steps.entitlements */,
				AA9251B32C4406EE003CDFA3 /* Preview Content */,
			);
			path = Steps;
			sourceTree = "<group>";
		};
		AA9251B32C4406EE003CDFA3 /* Preview Content */ = {
			isa = PBXGroup;
			children = (
				AA9251B42C4406EE003CDFA3 /* Preview Assets.xcassets */,
			);
			path = "Preview Content";
			sourceTree = "<group>";
		};
		AA9251BD2C4406EE003CDFA3 /* StepsTests */ = {
			isa = PBXGroup;
			children = (
				AA9251BE2C4406EE003CDFA3 /* StepsTests.swift */,
			);
			path = StepsTests;
			sourceTree = "<group>";
		};
		AA9251C72C4406EE003CDFA3 /* StepsUITests */ = {
			isa = PBXGroup;
			children = (
				AA9251C82C4406EE003CDFA3 /* StepsUITests.swift */,
				AA9251CA2C4406EE003CDFA3 /* StepsUITestsLaunchTests.swift */,
			);
			path = StepsUITests;
			sourceTree = "<group>";
		};
/* End PBXGroup section */

/* Begin PBXNativeTarget section */
		AA9251A92C4406ED003CDFA3 /* Steps */ = {
			isa = PBXNativeTarget;
			buildConfigurationList = AA9251CE2C4406EE003CDFA3 /* Build configuration list for PBXNativeTarget "Steps" */;
			buildPhases = (
				AA9251A62C4406ED003CDFA3 /* Sources */,
				AA9251A72C4406ED003CDFA3 /* Frameworks */,
				AA9251A82C4406ED003CDFA3 /* Resources */,
			);
			buildRules = (
			);
			dependencies = (
				AA34EB1F2C653C10005E9E48 /* PBXTargetDependency */,
			);
			name = Steps;
			productName = Steps;
			productReference = AA9251AA2C4406ED003CDFA3 /* Steps.app */;
			productType = "com.apple.product-type.application";
		};
		AA9251B92C4406EE003CDFA3 /* StepsTests */ = {
			isa = PBXNativeTarget;
			buildConfigurationList = AA9251D12C4406EE003CDFA3 /* Build configuration list for PBXNativeTarget "StepsTests" */;
			buildPhases = (
				AA9251B62C4406EE003CDFA3 /* Sources */,
				AA9251B72C4406EE003CDFA3 /* Frameworks */,
				AA9251B82C4406EE003CDFA3 /* Resources */,
			);
			buildRules = (
			);
			dependencies = (
				AA9251BC2C4406EE003CDFA3 /* PBXTargetDependency */,
			);
			name = StepsTests;
			productName = StepsTests;
			productReference = AA9251BA2C4406EE003CDFA3 /* StepsTests.xctest */;
			productType = "com.apple.product-type.bundle.unit-test";
		};
		AA9251C32C4406EE003CDFA3 /* StepsUITests */ = {
			isa = PBXNativeTarget;
			buildConfigurationList = AA9251D42C4406EE003CDFA3 /* Build configuration list for PBXNativeTarget "StepsUITests" */;
			buildPhases = (
				AA9251C02C4406EE003CDFA3 /* Sources */,
				AA9251C12C4406EE003CDFA3 /* Frameworks */,
				AA9251C22C4406EE003CDFA3 /* Resources */,
			);
			buildRules = (
			);
			dependencies = (
				AA9251C62C4406EE003CDFA3 /* PBXTargetDependency */,
			);
			name = StepsUITests;
			productName = StepsUITests;
			productReference = AA9251C42C4406EE003CDFA3 /* StepsUITests.xctest */;
			productType = "com.apple.product-type.bundle.ui-testing";
		};
/* End PBXNativeTarget section */

/* Begin PBXProject section */
		AA9251A22C4406ED003CDFA3 /* Project object */ = {
			isa = PBXProject;
			attributes = {
				BuildIndependentTargetsInParallel = 1;
				LastSwiftUpdateCheck = 1600;
				LastUpgradeCheck = 1600;
				TargetAttributes = {
					AA9251A92C4406ED003CDFA3 = {
						CreatedOnToolsVersion = 16.0;
					};
					AA9251B92C4406EE003CDFA3 = {
						CreatedOnToolsVersion = 16.0;
						TestTargetID = AA9251A92C4406ED003CDFA3;
					};
					AA9251C32C4406EE003CDFA3 = {
						CreatedOnToolsVersion = 16.0;
						TestTargetID = AA9251A92C4406ED003CDFA3;
					};
				};
			};
			buildConfigurationList = AA9251A52C4406ED003CDFA3 /* Build configuration list for PBXProject "Steps" */;
			compatibilityVersion = "Xcode 15.0";
			developmentRegion = en;
			hasScannedForEncodings = 0;
			knownRegions = (
				en,
				Base,
			);
			mainGroup = AA9251A12C4406ED003CDFA3;
			packageReferences = (
				AA8501DB2C652B9200851349 /* XCRemoteSwiftPackageReference "swift-algorithms" */,
			);
			productRefGroup = AA9251AB2C4406ED003CDFA3 /* Products */;
			projectDirPath = "";
			projectRoot = "";
			targets = (
				AA9251A92C4406ED003CDFA3 /* Steps */,
				AA9251B92C4406EE003CDFA3 /* StepsTests */,
				AA9251C32C4406EE003CDFA3 /* StepsUITests */,
			);
		};
/* End PBXProject section */

/* Begin PBXResourcesBuildPhase section */
		AA9251A82C4406ED003CDFA3 /* Resources */ = {
			isa = PBXResourcesBuildPhase;
			buildActionMask = 2147483647;
			files = (
				AA9251B52C4406EE003CDFA3 /* Preview Assets.xcassets in Resources */,
				AA9251B22C4406EE003CDFA3 /* Assets.xcassets in Resources */,
			);
			runOnlyForDeploymentPostprocessing = 0;
		};
		AA9251B82C4406EE003CDFA3 /* Resources */ = {
			isa = PBXResourcesBuildPhase;
			buildActionMask = 2147483647;
			files = (
			);
			runOnlyForDeploymentPostprocessing = 0;
		};
		AA9251C22C4406EE003CDFA3 /* Resources */ = {
			isa = PBXResourcesBuildPhase;
			buildActionMask = 2147483647;
			files = (
			);
			runOnlyForDeploymentPostprocessing = 0;
		};
/* End PBXResourcesBuildPhase section */

/* Begin PBXSourcesBuildPhase section */
		AA9251A62C4406ED003CDFA3 /* Sources */ = {
			isa = PBXSourcesBuildPhase;
			buildActionMask = 2147483647;
			files = (
				AA9251AE2C4406ED003CDFA3 /* StepsApp.swift in Sources */,
			);
			runOnlyForDeploymentPostprocessing = 0;
		};
		AA9251B62C4406EE003CDFA3 /* Sources */ = {
			isa = PBXSourcesBuildPhase;
			buildActionMask = 2147483647;
			files = (
				AA9251BF2C4406EE003CDFA3 /* StepsTests.swift in Sources */,
			);
			runOnlyForDeploymentPostprocessing = 0;
		};
		AA9251C02C4406EE003CDFA3 /* Sources */ = {
			isa = PBXSourcesBuildPhase;
			buildActionMask = 2147483647;
			files = (
				AA9251CB2C4406EE003CDFA3 /* StepsUITestsLaunchTests.swift in Sources */,
				AA9251C92C4406EE003CDFA3 /* StepsUITests.swift in Sources */,
			);
			runOnlyForDeploymentPostprocessing = 0;
		};
/* End PBXSourcesBuildPhase section */

/* Begin PBXTargetDependency section */
		AA34EB1F2C653C10005E9E48 /* PBXTargetDependency */ = {
			isa = PBXTargetDependency;
			productRef = AA34EB1E2C653C10005E9E48 /* Algorithms */;
		};
		AA9251BC2C4406EE003CDFA3 /* PBXTargetDependency */ = {
			isa = PBXTargetDependency;
			target = AA9251A92C4406ED003CDFA3 /* Steps */;
			targetProxy = AA9251BB2C4406EE003CDFA3 /* PBXContainerItemProxy */;
		};
		AA9251C62C4406EE003CDFA3 /* PBXTargetDependency */ = {
			isa = PBXTargetDependency;
			target = AA9251A92C4406ED003CDFA3 /* Steps */;
			targetProxy = AA9251C52C4406EE003CDFA3 /* PBXContainerItemProxy */;
		};
/* End PBXTargetDependency section */

/* Begin XCBuildConfiguration section */
		AA9251CC2C4406EE003CDFA3 /* Debug */ = {
			isa = XCBuildConfiguration;
			buildSettings = {
				ALWAYS_SEARCH_USER_PATHS = NO;
				ASSETCATALOG_COMPILER_GENERATE_SWIFT_ASSET_SYMBOL_EXTENSIONS = YES;
				CLANG_ANALYZER_NONNULL = YES;
				CLANG_ANALYZER_NUMBER_OBJECT_CONVERSION = YES_AGGRESSIVE;
				CLANG_CXX_LANGUAGE_STANDARD = "gnu++20";
				CLANG_ENABLE_MODULES = YES;
				CLANG_ENABLE_OBJC_ARC = YES;
				CLANG_ENABLE_OBJC_WEAK = YES;
				CLANG_WARN_BLOCK_CAPTURE_AUTORELEASING = YES;
				CLANG_WARN_BOOL_CONVERSION = YES;
				CLANG_WARN_COMMA = YES;
				CLANG_WARN_CONSTANT_CONVERSION = YES;
				CLANG_WARN_DEPRECATED_OBJC_IMPLEMENTATIONS = YES;
				CLANG_WARN_DIRECT_OBJC_ISA_USAGE = YES_ERROR;
				CLANG_WARN_DOCUMENTATION_COMMENTS = YES;
				CLANG_WARN_EMPTY_BODY = YES;
				CLANG_WARN_ENUM_CONVERSION = YES;
				CLANG_WARN_INFINITE_RECURSION = YES;
				CLANG_WARN_INT_CONVERSION = YES;
				CLANG_WARN_NON_LITERAL_NULL_CONVERSION = YES;
				CLANG_WARN_OBJC_IMPLICIT_RETAIN_SELF = YES;
				CLANG_WARN_OBJC_LITERAL_CONVERSION = YES;
				CLANG_WARN_OBJC_ROOT_CLASS = YES_ERROR;
				CLANG_WARN_QUOTED_INCLUDE_IN_FRAMEWORK_HEADER = YES;
				CLANG_WARN_RANGE_LOOP_ANALYSIS = YES;
				CLANG_WARN_STRICT_PROTOTYPES = YES;
				CLANG_WARN_SUSPICIOUS_MOVE = YES;
				CLANG_WARN_UNGUARDED_AVAILABILITY = YES_AGGRESSIVE;
				CLANG_WARN_UNREACHABLE_CODE = YES;
				CLANG_WARN__DUPLICATE_METHOD_MATCH = YES;
				COPY_PHASE_STRIP = NO;
				DEBUG_INFORMATION_FORMAT = dwarf;
				ENABLE_STRICT_OBJC_MSGSEND = YES;
				ENABLE_TESTABILITY = YES;
				ENABLE_USER_SCRIPT_SANDBOXING = YES;
				GCC_C_LANGUAGE_STANDARD = gnu17;
				GCC_DYNAMIC_NO_PIC = NO;
				GCC_NO_COMMON_BLOCKS = YES;
				GCC_OPTIMIZATION_LEVEL = 0;
				GCC_PREPROCESSOR_DEFINITIONS = (
					"DEBUG=1",
					"$(inherited)",
				);
				GCC_WARN_64_TO_32_BIT_CONVERSION = YES;
				GCC_WARN_ABOUT_RETURN_TYPE = YES_ERROR;
				GCC_WARN_UNDECLARED_SELECTOR = YES;
				GCC_WARN_UNINITIALIZED_AUTOS = YES_AGGRESSIVE;
				GCC_WARN_UNUSED_FUNCTION = YES;
				GCC_WARN_UNUSED_VARIABLE = YES;
				IPHONEOS_DEPLOYMENT_TARGET = 18.0;
				LOCALIZATION_PREFERS_STRING_CATALOGS = YES;
				MTL_ENABLE_DEBUG_INFO = INCLUDE_SOURCE;
				MTL_FAST_MATH = YES;
				ONLY_ACTIVE_ARCH = YES;
				SDKROOT = iphoneos;
				SWIFT_ACTIVE_COMPILATION_CONDITIONS = "DEBUG $(inherited)";
				SWIFT_OPTIMIZATION_LEVEL = "-Onone";
			};
			name = Debug;
		};
		AA9251CD2C4406EE003CDFA3 /* Release */ = {
			isa = XCBuildConfiguration;
			buildSettings = {
				ALWAYS_SEARCH_USER_PATHS = NO;
				ASSETCATALOG_COMPILER_GENERATE_SWIFT_ASSET_SYMBOL_EXTENSIONS = YES;
				CLANG_ANALYZER_NONNULL = YES;
				CLANG_ANALYZER_NUMBER_OBJECT_CONVERSION = YES_AGGRESSIVE;
				CLANG_CXX_LANGUAGE_STANDARD = "gnu++20";
				CLANG_ENABLE_MODULES = YES;
				CLANG_ENABLE_OBJC_ARC = YES;
				CLANG_ENABLE_OBJC_WEAK = YES;
				CLANG_WARN_BLOCK_CAPTURE_AUTORELEASING = YES;
				CLANG_WARN_BOOL_CONVERSION = YES;
				CLANG_WARN_COMMA = YES;
				CLANG_WARN_CONSTANT_CONVERSION = YES;
				CLANG_WARN_DEPRECATED_OBJC_IMPLEMENTATIONS = YES;
				CLANG_WARN_DIRECT_OBJC_ISA_USAGE = YES_ERROR;
				CLANG_WARN_DOCUMENTATION_COMMENTS = YES;
				CLANG_WARN_EMPTY_BODY = YES;
				CLANG_WARN_ENUM_CONVERSION = YES;
				CLANG_WARN_INFINITE_RECURSION = YES;
				CLANG_WARN_INT_CONVERSION = YES;
				CLANG_WARN_NON_LITERAL_NULL_CONVERSION = YES;
				CLANG_WARN_OBJC_IMPLICIT_RETAIN_SELF = YES;
				CLANG_WARN_OBJC_LITERAL_CONVERSION = YES;
				CLANG_WARN_OBJC_ROOT_CLASS = YES_ERROR;
				CLANG_WARN_QUOTED_INCLUDE_IN_FRAMEWORK_HEADER = YES;
				CLANG_WARN_RANGE_LOOP_ANALYSIS = YES;
				CLANG_WARN_STRICT_PROTOTYPES = YES;
				CLANG_WARN_SUSPICIOUS_MOVE = YES;
				CLANG_WARN_UNGUARDED_AVAILABILITY = YES_AGGRESSIVE;
				CLANG_WARN_UNREACHABLE_CODE = YES;
				CLANG_WARN__DUPLICATE_METHOD_MATCH = YES;
				COPY_PHASE_STRIP = NO;
				DEBUG_INFORMATION_FORMAT = "dwarf-with-dsym";
				ENABLE_NS_ASSERTIONS = NO;
				ENABLE_STRICT_OBJC_MSGSEND = YES;
				ENABLE_USER_SCRIPT_SANDBOXING = YES;
				GCC_C_LANGUAGE_STANDARD = gnu17;
				GCC_NO_COMMON_BLOCKS = YES;
				GCC_WARN_64_TO_32_BIT_CONVERSION = YES;
				GCC_WARN_ABOUT_RETURN_TYPE = YES_ERROR;
				GCC_WARN_UNDECLARED_SELECTOR = YES;
				GCC_WARN_UNINITIALIZED_AUTOS = YES_AGGRESSIVE;
				GCC_WARN_UNUSED_FUNCTION = YES;
				GCC_WARN_UNUSED_VARIABLE = YES;
				IPHONEOS_DEPLOYMENT_TARGET = 18.0;
				LOCALIZATION_PREFERS_STRING_CATALOGS = YES;
				MTL_ENABLE_DEBUG_INFO = NO;
				MTL_FAST_MATH = YES;
				SDKROOT = iphoneos;
				SWIFT_COMPILATION_MODE = wholemodule;
				VALIDATE_PRODUCT = YES;
			};
			name = Release;
		};
		AA9251CF2C4406EE003CDFA3 /* Debug */ = {
			isa = XCBuildConfiguration;
			buildSettings = {
				ASSETCATALOG_COMPILER_APPICON_NAME = AppIcon;
				ASSETCATALOG_COMPILER_GLOBAL_ACCENT_COLOR_NAME = AccentColor;
				CODE_SIGN_ENTITLEMENTS = Steps/Steps.entitlements;
				CODE_SIGN_STYLE = Automatic;
				CURRENT_PROJECT_VERSION = 1;
				DEVELOPMENT_ASSET_PATHS = "\"Steps/Preview Content\"";
				DEVELOPMENT_TEAM = N6RF4M6NH8;
				ENABLE_PREVIEWS = YES;
				GENERATE_INFOPLIST_FILE = YES;
				INFOPLIST_KEY_NSHealthShareUsageDescription = "Allow this app to display data from Apple Health.";
				INFOPLIST_KEY_NSHealthUpdateUsageDescription = "Allow this app to add data to Apple Health.";
				INFOPLIST_KEY_UIApplicationSceneManifest_Generation = YES;
				INFOPLIST_KEY_UIApplicationSupportsIndirectInputEvents = YES;
				INFOPLIST_KEY_UILaunchScreen_Generation = YES;
				INFOPLIST_KEY_UISupportedInterfaceOrientations_iPad = "UIInterfaceOrientationPortrait UIInterfaceOrientationPortraitUpsideDown UIInterfaceOrientationLandscapeLeft UIInterfaceOrientationLandscapeRight";
				INFOPLIST_KEY_UISupportedInterfaceOrientations_iPhone = "UIInterfaceOrientationPortrait UIInterfaceOrientationLandscapeLeft UIInterfaceOrientationLandscapeRight";
				IPHONEOS_DEPLOYMENT_TARGET = 17.6;
				LD_RUNPATH_SEARCH_PATHS = (
					"$(inherited)",
					"@executable_path/Frameworks",
				);
				MARKETING_VERSION = 1.0;
				PRODUCT_BUNDLE_IDENTIFIER = com.christianlavelle.Steps;
				PRODUCT_NAME = "$(TARGET_NAME)";
				SWIFT_EMIT_LOC_STRINGS = YES;
				SWIFT_VERSION = 5.0;
				TARGETED_DEVICE_FAMILY = "1,2";
			};
			name = Debug;
		};
		AA9251D02C4406EE003CDFA3 /* Release */ = {
			isa = XCBuildConfiguration;
			buildSettings = {
				ASSETCATALOG_COMPILER_APPICON_NAME = AppIcon;
				ASSETCATALOG_COMPILER_GLOBAL_ACCENT_COLOR_NAME = AccentColor;
				CODE_SIGN_ENTITLEMENTS = Steps/Steps.entitlements;
				CODE_SIGN_STYLE = Automatic;
				CURRENT_PROJECT_VERSION = 1;
				DEVELOPMENT_ASSET_PATHS = "\"Steps/Preview Content\"";
				DEVELOPMENT_TEAM = N6RF4M6NH8;
				ENABLE_PREVIEWS = YES;
				GENERATE_INFOPLIST_FILE = YES;
				INFOPLIST_KEY_NSHealthShareUsageDescription = "Allow this app to display data from Apple Health.";
				INFOPLIST_KEY_NSHealthUpdateUsageDescription = "Allow this app to add data to Apple Health.";
				INFOPLIST_KEY_UIApplicationSceneManifest_Generation = YES;
				INFOPLIST_KEY_UIApplicationSupportsIndirectInputEvents = YES;
				INFOPLIST_KEY_UILaunchScreen_Generation = YES;
				INFOPLIST_KEY_UISupportedInterfaceOrientations_iPad = "UIInterfaceOrientationPortrait UIInterfaceOrientationPortraitUpsideDown UIInterfaceOrientationLandscapeLeft UIInterfaceOrientationLandscapeRight";
				INFOPLIST_KEY_UISupportedInterfaceOrientations_iPhone = "UIInterfaceOrientationPortrait UIInterfaceOrientationLandscapeLeft UIInterfaceOrientationLandscapeRight";
				IPHONEOS_DEPLOYMENT_TARGET = 17.6;
				LD_RUNPATH_SEARCH_PATHS = (
					"$(inherited)",
					"@executable_path/Frameworks",
				);
				MARKETING_VERSION = 1.0;
				PRODUCT_BUNDLE_IDENTIFIER = com.christianlavelle.Steps;
				PRODUCT_NAME = "$(TARGET_NAME)";
				SWIFT_EMIT_LOC_STRINGS = YES;
				SWIFT_VERSION = 5.0;
				TARGETED_DEVICE_FAMILY = "1,2";
			};
			name = Release;
		};
		AA9251D22C4406EE003CDFA3 /* Debug */ = {
			isa = XCBuildConfiguration;
			buildSettings = {
				BUNDLE_LOADER = "$(TEST_HOST)";
				CODE_SIGN_STYLE = Automatic;
				CURRENT_PROJECT_VERSION = 1;
				DEVELOPMENT_TEAM = N6RF4M6NH8;
				GENERATE_INFOPLIST_FILE = YES;
				IPHONEOS_DEPLOYMENT_TARGET = 18.0;
				MARKETING_VERSION = 1.0;
				PRODUCT_BUNDLE_IDENTIFIER = com.christianlavelle.StepsTests;
				PRODUCT_NAME = "$(TARGET_NAME)";
				SWIFT_EMIT_LOC_STRINGS = NO;
				SWIFT_VERSION = 5.0;
				TARGETED_DEVICE_FAMILY = "1,2";
				TEST_HOST = "$(BUILT_PRODUCTS_DIR)/Steps.app/$(BUNDLE_EXECUTABLE_FOLDER_PATH)/Steps";
			};
			name = Debug;
		};
		AA9251D32C4406EE003CDFA3 /* Release */ = {
			isa = XCBuildConfiguration;
			buildSettings = {
				BUNDLE_LOADER = "$(TEST_HOST)";
				CODE_SIGN_STYLE = Automatic;
				CURRENT_PROJECT_VERSION = 1;
				DEVELOPMENT_TEAM = N6RF4M6NH8;
				GENERATE_INFOPLIST_FILE = YES;
				IPHONEOS_DEPLOYMENT_TARGET = 18.0;
				MARKETING_VERSION = 1.0;
				PRODUCT_BUNDLE_IDENTIFIER = com.christianlavelle.StepsTests;
				PRODUCT_NAME = "$(TARGET_NAME)";
				SWIFT_EMIT_LOC_STRINGS = NO;
				SWIFT_VERSION = 5.0;
				TARGETED_DEVICE_FAMILY = "1,2";
				TEST_HOST = "$(BUILT_PRODUCTS_DIR)/Steps.app/$(BUNDLE_EXECUTABLE_FOLDER_PATH)/Steps";
			};
			name = Release;
		};
		AA9251D52C4406EE003CDFA3 /* Debug */ = {
			isa = XCBuildConfiguration;
			buildSettings = {
				CODE_SIGN_STYLE = Automatic;
				CURRENT_PROJECT_VERSION = 1;
				DEVELOPMENT_TEAM = N6RF4M6NH8;
				GENERATE_INFOPLIST_FILE = YES;
				MARKETING_VERSION = 1.0;
				PRODUCT_BUNDLE_IDENTIFIER = com.christianlavelle.StepsUITests;
				PRODUCT_NAME = "$(TARGET_NAME)";
				SWIFT_EMIT_LOC_STRINGS = NO;
				SWIFT_VERSION = 5.0;
				TARGETED_DEVICE_FAMILY = "1,2";
				TEST_TARGET_NAME = Steps;
			};
			name = Debug;
		};
		AA9251D62C4406EE003CDFA3 /* Release */ = {
			isa = XCBuildConfiguration;
			buildSettings = {
				CODE_SIGN_STYLE = Automatic;
				CURRENT_PROJECT_VERSION = 1;
				DEVELOPMENT_TEAM = N6RF4M6NH8;
				GENERATE_INFOPLIST_FILE = YES;
				MARKETING_VERSION = 1.0;
				PRODUCT_BUNDLE_IDENTIFIER = com.christianlavelle.StepsUITests;
				PRODUCT_NAME = "$(TARGET_NAME)";
				SWIFT_EMIT_LOC_STRINGS = NO;
				SWIFT_VERSION = 5.0;
				TARGETED_DEVICE_FAMILY = "1,2";
				TEST_TARGET_NAME = Steps;
			};
			name = Release;
		};
/* End XCBuildConfiguration section */

/* Begin XCConfigurationList section */
		AA9251A52C4406ED003CDFA3 /* Build configuration list for PBXProject "Steps" */ = {
			isa = XCConfigurationList;
			buildConfigurations = (
				AA9251CC2C4406EE003CDFA3 /* Debug */,
				AA9251CD2C4406EE003CDFA3 /* Release */,
			);
			defaultConfigurationIsVisible = 0;
			defaultConfigurationName = Release;
		};
		AA9251CE2C4406EE003CDFA3 /* Build configuration list for PBXNativeTarget "Steps" */ = {
			isa = XCConfigurationList;
			buildConfigurations = (
				AA9251CF2C4406EE003CDFA3 /* Debug */,
				AA9251D02C4406EE003CDFA3 /* Release */,
			);
			defaultConfigurationIsVisible = 0;
			defaultConfigurationName = Release;
		};
		AA9251D12C4406EE003CDFA3 /* Build configuration list for PBXNativeTarget "StepsTests" */ = {
			isa = XCConfigurationList;
			buildConfigurations = (
				AA9251D22C4406EE003CDFA3 /* Debug */,
				AA9251D32C4406EE003CDFA3 /* Release */,
			);
			defaultConfigurationIsVisible = 0;
			defaultConfigurationName = Release;
		};
		AA9251D42C4406EE003CDFA3 /* Build configuration list for PBXNativeTarget "StepsUITests" */ = {
			isa = XCConfigurationList;
			buildConfigurations = (
				AA9251D52C4406EE003CDFA3 /* Debug */,
				AA9251D62C4406EE003CDFA3 /* Release */,
			);
			defaultConfigurationIsVisible = 0;
			defaultConfigurationName = Release;
		};
/* End XCConfigurationList section */

/* Begin XCRemoteSwiftPackageReference section */
		AA8501DB2C652B9200851349 /* XCRemoteSwiftPackageReference "swift-algorithms" */ = {
			isa = XCRemoteSwiftPackageReference;
			repositoryURL = "https://github.com/apple/swift-algorithms.git";
			requirement = {
				kind = upToNextMajorVersion;
				minimumVersion = 1.2.0;
			};
		};
/* End XCRemoteSwiftPackageReference section */

/* Begin XCSwiftPackageProductDependency section */
		AA34EB1E2C653C10005E9E48 /* Algorithms */ = {
			isa = XCSwiftPackageProductDependency;
			package = AA8501DB2C652B9200851349 /* XCRemoteSwiftPackageReference "swift-algorithms" */;
			productName = Algorithms;
		};
/* End XCSwiftPackageProductDependency section */
	};
	rootObject = AA9251A22C4406ED003CDFA3 /* Project object */;
}
