// !$*UTF8*$!
{
	archiveVersion = 1;
	classes = {
	};
	objectVersion = 56;
	objects = {

/* Begin PBXBuildFile section */
		AA1DB0452C65431200C41F37 /* Algorithms in Frameworks */ = {isa = PBXBuildFile; productRef = AA1DB0442C65431200C41F37 /* Algorithms */; };
		AA2511A22C6D018B00EC5824 /* ChartDataTypes.swift in Sources */ = {isa = PBXBuildFile; fileRef = AA25119A2C6D011D00EC5824 /* ChartDataTypes.swift */; };
		AA2511A32C6D019200EC5824 /* ChartMath.swift in Sources */ = {isa = PBXBuildFile; fileRef = AA25119B2C6D011D00EC5824 /* ChartMath.swift */; };
		AA2511A42C6D019200EC5824 /* StepBarChart.swift in Sources */ = {isa = PBXBuildFile; fileRef = AA25119C2C6D011D00EC5824 /* StepBarChart.swift */; };
		AA2511AB2C6D01A100EC5824 /* Date+Ext.swift in Sources */ = {isa = PBXBuildFile; fileRef = AA25118F2C6D011D00EC5824 /* Date+Ext.swift */; };
		AA2511AC2C6D01A100EC5824 /* HealthKitService.swift in Sources */ = {isa = PBXBuildFile; fileRef = AA25119E2C6D011D00EC5824 /* HealthKitService.swift */; };
		AA2511AD2C6D01A100EC5824 /* HealthMetricContext.swift in Sources */ = {isa = PBXBuildFile; fileRef = AA2511922C6D011D00EC5824 /* HealthMetricContext.swift */; };
		AA2511AE2C6D01A100EC5824 /* HKPermissionPrimerView.swift in Sources */ = {isa = PBXBuildFile; fileRef = AA2511962C6D011D00EC5824 /* HKPermissionPrimerView.swift */; };
		AA2511AF2C6D01A100EC5824 /* DashboardView.swift in Sources */ = {isa = PBXBuildFile; fileRef = AA2511942C6D011D00EC5824 /* DashboardView.swift */; };
		AA2511B02C6D01A100EC5824 /* BackgroundGradient.swift in Sources */ = {isa = PBXBuildFile; fileRef = AA2511982C6D011D00EC5824 /* BackgroundGradient.swift */; };
		AA2511B12C6D01A100EC5824 /* HealthDataListView.swift in Sources */ = {isa = PBXBuildFile; fileRef = AA2511952C6D011D00EC5824 /* HealthDataListView.swift */; };
		AA2511B22C6D01A100EC5824 /* HealthMetric.swift in Sources */ = {isa = PBXBuildFile; fileRef = AA2511912C6D011D00EC5824 /* HealthMetric.swift */; };
		AABE4E762C6E4480000B0965 /* WeightLineChart.swift in Sources */ = {isa = PBXBuildFile; fileRef = AABE4E752C6E4480000B0965 /* WeightLineChart.swift */; };
		AABE4E792C6E5441000B0965 /* MockData.swift in Sources */ = {isa = PBXBuildFile; fileRef = AABE4E782C6E5441000B0965 /* MockData.swift */; };
		AABE4E7B2C6E7CFC000B0965 /* AnnotationView.swift in Sources */ = {isa = PBXBuildFile; fileRef = AABE4E7A2C6E7CFC000B0965 /* AnnotationView.swift */; };
		AAD46E922C654185005F7B8A /* StepsApp.swift in Sources */ = {isa = PBXBuildFile; fileRef = AAD46E912C654185005F7B8A /* StepsApp.swift */; };
		AAD46E962C654186005F7B8A /* Assets.xcassets in Resources */ = {isa = PBXBuildFile; fileRef = AAD46E952C654186005F7B8A /* Assets.xcassets */; };
		AAD46E992C654186005F7B8A /* Preview Assets.xcassets in Resources */ = {isa = PBXBuildFile; fileRef = AAD46E982C654186005F7B8A /* Preview Assets.xcassets */; };
		AAD46EA32C654187005F7B8A /* StepsTests.swift in Sources */ = {isa = PBXBuildFile; fileRef = AAD46EA22C654187005F7B8A /* StepsTests.swift */; };
		AAD46EAD2C654187005F7B8A /* StepsUITests.swift in Sources */ = {isa = PBXBuildFile; fileRef = AAD46EAC2C654187005F7B8A /* StepsUITests.swift */; };
		AAD46EAF2C654187005F7B8A /* StepsUITestsLaunchTests.swift in Sources */ = {isa = PBXBuildFile; fileRef = AAD46EAE2C654187005F7B8A /* StepsUITestsLaunchTests.swift */; };
		AAFC01F92C6D04B4002A2820 /* StepPieChart.swift in Sources */ = {isa = PBXBuildFile; fileRef = AAFC01F82C6D04B4002A2820 /* StepPieChart.swift */; };
/* End PBXBuildFile section */

/* Begin PBXContainerItemProxy section */
		AAD46E9F2C654187005F7B8A /* PBXContainerItemProxy */ = {
			isa = PBXContainerItemProxy;
			containerPortal = AAD46E862C654185005F7B8A /* Project object */;
			proxyType = 1;
			remoteGlobalIDString = AAD46E8D2C654185005F7B8A;
			remoteInfo = Steps;
		};
		AAD46EA92C654187005F7B8A /* PBXContainerItemProxy */ = {
			isa = PBXContainerItemProxy;
			containerPortal = AAD46E862C654185005F7B8A /* Project object */;
			proxyType = 1;
			remoteGlobalIDString = AAD46E8D2C654185005F7B8A;
			remoteInfo = Steps;
		};
/* End PBXContainerItemProxy section */

/* Begin PBXFileReference section */
		AA25118F2C6D011D00EC5824 /* Date+Ext.swift */ = {isa = PBXFileReference; lastKnownFileType = sourcecode.swift; path = "Date+Ext.swift"; sourceTree = "<group>"; };
		AA2511912C6D011D00EC5824 /* HealthMetric.swift */ = {isa = PBXFileReference; lastKnownFileType = sourcecode.swift; path = HealthMetric.swift; sourceTree = "<group>"; };
		AA2511922C6D011D00EC5824 /* HealthMetricContext.swift */ = {isa = PBXFileReference; lastKnownFileType = sourcecode.swift; path = HealthMetricContext.swift; sourceTree = "<group>"; };
		AA2511942C6D011D00EC5824 /* DashboardView.swift */ = {isa = PBXFileReference; lastKnownFileType = sourcecode.swift; path = DashboardView.swift; sourceTree = "<group>"; };
		AA2511952C6D011D00EC5824 /* HealthDataListView.swift */ = {isa = PBXFileReference; lastKnownFileType = sourcecode.swift; path = HealthDataListView.swift; sourceTree = "<group>"; };
		AA2511962C6D011D00EC5824 /* HKPermissionPrimerView.swift */ = {isa = PBXFileReference; lastKnownFileType = sourcecode.swift; path = HKPermissionPrimerView.swift; sourceTree = "<group>"; };
		AA2511982C6D011D00EC5824 /* BackgroundGradient.swift */ = {isa = PBXFileReference; lastKnownFileType = sourcecode.swift; path = BackgroundGradient.swift; sourceTree = "<group>"; };
		AA25119A2C6D011D00EC5824 /* ChartDataTypes.swift */ = {isa = PBXFileReference; lastKnownFileType = sourcecode.swift; path = ChartDataTypes.swift; sourceTree = "<group>"; };
		AA25119B2C6D011D00EC5824 /* ChartMath.swift */ = {isa = PBXFileReference; lastKnownFileType = sourcecode.swift; path = ChartMath.swift; sourceTree = "<group>"; };
		AA25119C2C6D011D00EC5824 /* StepBarChart.swift */ = {isa = PBXFileReference; lastKnownFileType = sourcecode.swift; path = StepBarChart.swift; sourceTree = "<group>"; };
		AA25119E2C6D011D00EC5824 /* HealthKitService.swift */ = {isa = PBXFileReference; lastKnownFileType = sourcecode.swift; path = HealthKitService.swift; sourceTree = "<group>"; };
		AA2511B32C6D027100EC5824 /* Steps.entitlements */ = {isa = PBXFileReference; lastKnownFileType = text.plist.entitlements; path = Steps.entitlements; sourceTree = "<group>"; };
		AABE4E752C6E4480000B0965 /* WeightLineChart.swift */ = {isa = PBXFileReference; lastKnownFileType = sourcecode.swift; path = WeightLineChart.swift; sourceTree = "<group>"; };
		AABE4E782C6E5441000B0965 /* MockData.swift */ = {isa = PBXFileReference; lastKnownFileType = sourcecode.swift; path = MockData.swift; sourceTree = "<group>"; };
		AABE4E7A2C6E7CFC000B0965 /* AnnotationView.swift */ = {isa = PBXFileReference; lastKnownFileType = sourcecode.swift; path = AnnotationView.swift; sourceTree = "<group>"; };
		AAD46E8E2C654185005F7B8A /* Steps.app */ = {isa = PBXFileReference; explicitFileType = wrapper.application; includeInIndex = 0; path = Steps.app; sourceTree = BUILT_PRODUCTS_DIR; };
		AAD46E912C654185005F7B8A /* StepsApp.swift */ = {isa = PBXFileReference; lastKnownFileType = sourcecode.swift; path = StepsApp.swift; sourceTree = "<group>"; };
		AAD46E952C654186005F7B8A /* Assets.xcassets */ = {isa = PBXFileReference; lastKnownFileType = folder.assetcatalog; path = Assets.xcassets; sourceTree = "<group>"; };
		AAD46E982C654186005F7B8A /* Preview Assets.xcassets */ = {isa = PBXFileReference; lastKnownFileType = folder.assetcatalog; path = "Preview Assets.xcassets"; sourceTree = "<group>"; };
		AAD46E9E2C654187005F7B8A /* StepsTests.xctest */ = {isa = PBXFileReference; explicitFileType = wrapper.cfbundle; includeInIndex = 0; path = StepsTests.xctest; sourceTree = BUILT_PRODUCTS_DIR; };
		AAD46EA22C654187005F7B8A /* StepsTests.swift */ = {isa = PBXFileReference; lastKnownFileType = sourcecode.swift; path = StepsTests.swift; sourceTree = "<group>"; };
		AAD46EA82C654187005F7B8A /* StepsUITests.xctest */ = {isa = PBXFileReference; explicitFileType = wrapper.cfbundle; includeInIndex = 0; path = StepsUITests.xctest; sourceTree = BUILT_PRODUCTS_DIR; };
		AAD46EAC2C654187005F7B8A /* StepsUITests.swift */ = {isa = PBXFileReference; lastKnownFileType = sourcecode.swift; path = StepsUITests.swift; sourceTree = "<group>"; };
		AAD46EAE2C654187005F7B8A /* StepsUITestsLaunchTests.swift */ = {isa = PBXFileReference; lastKnownFileType = sourcecode.swift; path = StepsUITestsLaunchTests.swift; sourceTree = "<group>"; };
		AAFC01F82C6D04B4002A2820 /* StepPieChart.swift */ = {isa = PBXFileReference; lastKnownFileType = sourcecode.swift; path = StepPieChart.swift; sourceTree = "<group>"; };
/* End PBXFileReference section */

/* Begin PBXFrameworksBuildPhase section */
		AAD46E8B2C654185005F7B8A /* Frameworks */ = {
			isa = PBXFrameworksBuildPhase;
			buildActionMask = 2147483647;
			files = (
				AA1DB0452C65431200C41F37 /* Algorithms in Frameworks */,
			);
			runOnlyForDeploymentPostprocessing = 0;
		};
		AAD46E9B2C654187005F7B8A /* Frameworks */ = {
			isa = PBXFrameworksBuildPhase;
			buildActionMask = 2147483647;
			files = (
			);
			runOnlyForDeploymentPostprocessing = 0;
		};
		AAD46EA52C654187005F7B8A /* Frameworks */ = {
			isa = PBXFrameworksBuildPhase;
			buildActionMask = 2147483647;
			files = (
			);
			runOnlyForDeploymentPostprocessing = 0;
		};
/* End PBXFrameworksBuildPhase section */

/* Begin PBXGroup section */
		AA1DB0432C65431200C41F37 /* Frameworks */ = {
			isa = PBXGroup;
			children = (
			);
			name = Frameworks;
			sourceTree = "<group>";
		};
		AA2511902C6D011D00EC5824 /* Extensions */ = {
			isa = PBXGroup;
			children = (
				AA25118F2C6D011D00EC5824 /* Date+Ext.swift */,
			);
			path = Extensions;
			sourceTree = "<group>";
		};
		AA2511932C6D011D00EC5824 /* Model */ = {
			isa = PBXGroup;
			children = (
				AA2511912C6D011D00EC5824 /* HealthMetric.swift */,
				AA2511922C6D011D00EC5824 /* HealthMetricContext.swift */,
			);
			path = Model;
			sourceTree = "<group>";
		};
		AA2511972C6D011D00EC5824 /* Screens */ = {
			isa = PBXGroup;
			children = (
				AA2511942C6D011D00EC5824 /* DashboardView.swift */,
				AA2511952C6D011D00EC5824 /* HealthDataListView.swift */,
				AA2511962C6D011D00EC5824 /* HKPermissionPrimerView.swift */,
			);
			path = Screens;
			sourceTree = "<group>";
		};
		AA2511992C6D011D00EC5824 /* Components */ = {
			isa = PBXGroup;
			children = (
				AA2511982C6D011D00EC5824 /* BackgroundGradient.swift */,
			);
			path = Components;
			sourceTree = "<group>";
		};
		AA25119D2C6D011D00EC5824 /* Charts */ = {
			isa = PBXGroup;
			children = (
				AA25119A2C6D011D00EC5824 /* ChartDataTypes.swift */,
				AA25119B2C6D011D00EC5824 /* ChartMath.swift */,
				AA25119C2C6D011D00EC5824 /* StepBarChart.swift */,
				AAFC01F82C6D04B4002A2820 /* StepPieChart.swift */,
				AABE4E7A2C6E7CFC000B0965 /* AnnotationView.swift */,
				AABE4E752C6E4480000B0965 /* WeightLineChart.swift */,
			);
			path = Charts;
			sourceTree = "<group>";
		};
		AA25119F2C6D011D00EC5824 /* Services */ = {
			isa = PBXGroup;
			children = (
				AA25119E2C6D011D00EC5824 /* HealthKitService.swift */,
			);
			path = Services;
			sourceTree = "<group>";
		};
		AABE4E772C6E5402000B0965 /* Utilities */ = {
			isa = PBXGroup;
			children = (
				AA2511902C6D011D00EC5824 /* Extensions */,
				AABE4E782C6E5441000B0965 /* MockData.swift */,
			);
			path = Utilities;
			sourceTree = "<group>";
		};
		AAD46E852C654185005F7B8A = {
			isa = PBXGroup;
			children = (
				AAD46E902C654185005F7B8A /* Steps */,
				AAD46EA12C654187005F7B8A /* StepsTests */,
				AAD46EAB2C654187005F7B8A /* StepsUITests */,
				AAD46E8F2C654185005F7B8A /* Products */,
				AA1DB0432C65431200C41F37 /* Frameworks */,
			);
			sourceTree = "<group>";
		};
		AAD46E8F2C654185005F7B8A /* Products */ = {
			isa = PBXGroup;
			children = (
				AAD46E8E2C654185005F7B8A /* Steps.app */,
				AAD46E9E2C654187005F7B8A /* StepsTests.xctest */,
				AAD46EA82C654187005F7B8A /* StepsUITests.xctest */,
			);
			name = Products;
			sourceTree = "<group>";
		};
		AAD46E902C654185005F7B8A /* Steps */ = {
			isa = PBXGroup;
			children = (
				AA2511B32C6D027100EC5824 /* Steps.entitlements */,
				AAD46E912C654185005F7B8A /* StepsApp.swift */,
				AABE4E772C6E5402000B0965 /* Utilities */,
				AA25119D2C6D011D00EC5824 /* Charts */,
				AA2511992C6D011D00EC5824 /* Components */,
				AA2511932C6D011D00EC5824 /* Model */,
				AA2511972C6D011D00EC5824 /* Screens */,
				AA25119F2C6D011D00EC5824 /* Services */,
				AAD46E952C654186005F7B8A /* Assets.xcassets */,
				AAD46E972C654186005F7B8A /* Preview Content */,
			);
			path = Steps;
			sourceTree = "<group>";
		};
		AAD46E972C654186005F7B8A /* Preview Content */ = {
			isa = PBXGroup;
			children = (
				AAD46E982C654186005F7B8A /* Preview Assets.xcassets */,
			);
			path = "Preview Content";
			sourceTree = "<group>";
		};
		AAD46EA12C654187005F7B8A /* StepsTests */ = {
			isa = PBXGroup;
			children = (
				AAD46EA22C654187005F7B8A /* StepsTests.swift */,
			);
			path = StepsTests;
			sourceTree = "<group>";
		};
		AAD46EAB2C654187005F7B8A /* StepsUITests */ = {
			isa = PBXGroup;
			children = (
				AAD46EAC2C654187005F7B8A /* StepsUITests.swift */,
				AAD46EAE2C654187005F7B8A /* StepsUITestsLaunchTests.swift */,
			);
			path = StepsUITests;
			sourceTree = "<group>";
		};
/* End PBXGroup section */

/* Begin PBXNativeTarget section */
		AAD46E8D2C654185005F7B8A /* Steps */ = {
			isa = PBXNativeTarget;
			buildConfigurationList = AAD46EB22C654187005F7B8A /* Build configuration list for PBXNativeTarget "Steps" */;
			buildPhases = (
				AAD46E8A2C654185005F7B8A /* Sources */,
				AAD46E8B2C654185005F7B8A /* Frameworks */,
				AAD46E8C2C654185005F7B8A /* Resources */,
			);
			buildRules = (
			);
			dependencies = (
			);
			name = Steps;
			packageProductDependencies = (
				AA1DB0442C65431200C41F37 /* Algorithms */,
			);
			productName = Steps;
			productReference = AAD46E8E2C654185005F7B8A /* Steps.app */;
			productType = "com.apple.product-type.application";
		};
		AAD46E9D2C654187005F7B8A /* StepsTests */ = {
			isa = PBXNativeTarget;
			buildConfigurationList = AAD46EB52C654187005F7B8A /* Build configuration list for PBXNativeTarget "StepsTests" */;
			buildPhases = (
				AAD46E9A2C654187005F7B8A /* Sources */,
				AAD46E9B2C654187005F7B8A /* Frameworks */,
				AAD46E9C2C654187005F7B8A /* Resources */,
			);
			buildRules = (
			);
			dependencies = (
				AAD46EA02C654187005F7B8A /* PBXTargetDependency */,
			);
			name = StepsTests;
			productName = StepsTests;
			productReference = AAD46E9E2C654187005F7B8A /* StepsTests.xctest */;
			productType = "com.apple.product-type.bundle.unit-test";
		};
		AAD46EA72C654187005F7B8A /* StepsUITests */ = {
			isa = PBXNativeTarget;
			buildConfigurationList = AAD46EB82C654187005F7B8A /* Build configuration list for PBXNativeTarget "StepsUITests" */;
			buildPhases = (
				AAD46EA42C654187005F7B8A /* Sources */,
				AAD46EA52C654187005F7B8A /* Frameworks */,
				AAD46EA62C654187005F7B8A /* Resources */,
			);
			buildRules = (
			);
			dependencies = (
				AAD46EAA2C654187005F7B8A /* PBXTargetDependency */,
			);
			name = StepsUITests;
			productName = StepsUITests;
			productReference = AAD46EA82C654187005F7B8A /* StepsUITests.xctest */;
			productType = "com.apple.product-type.bundle.ui-testing";
		};
/* End PBXNativeTarget section */

/* Begin PBXProject section */
		AAD46E862C654185005F7B8A /* Project object */ = {
			isa = PBXProject;
			attributes = {
				BuildIndependentTargetsInParallel = 1;
				LastSwiftUpdateCheck = 1540;
				LastUpgradeCheck = 1540;
				TargetAttributes = {
					AAD46E8D2C654185005F7B8A = {
						CreatedOnToolsVersion = 15.4;
					};
					AAD46E9D2C654187005F7B8A = {
						CreatedOnToolsVersion = 15.4;
						TestTargetID = AAD46E8D2C654185005F7B8A;
					};
					AAD46EA72C654187005F7B8A = {
						CreatedOnToolsVersion = 15.4;
						TestTargetID = AAD46E8D2C654185005F7B8A;
					};
				};
			};
			buildConfigurationList = AAD46E892C654185005F7B8A /* Build configuration list for PBXProject "Steps" */;
			compatibilityVersion = "Xcode 14.0";
			developmentRegion = en;
			hasScannedForEncodings = 0;
			knownRegions = (
				en,
				Base,
			);
			mainGroup = AAD46E852C654185005F7B8A;
			packageReferences = (
				AA1DB0422C6542DA00C41F37 /* XCRemoteSwiftPackageReference "swift-algorithms" */,
			);
			productRefGroup = AAD46E8F2C654185005F7B8A /* Products */;
			projectDirPath = "";
			projectRoot = "";
			targets = (
				AAD46E8D2C654185005F7B8A /* Steps */,
				AAD46E9D2C654187005F7B8A /* StepsTests */,
				AAD46EA72C654187005F7B8A /* StepsUITests */,
			);
		};
/* End PBXProject section */

/* Begin PBXResourcesBuildPhase section */
		AAD46E8C2C654185005F7B8A /* Resources */ = {
			isa = PBXResourcesBuildPhase;
			buildActionMask = 2147483647;
			files = (
				AAD46E992C654186005F7B8A /* Preview Assets.xcassets in Resources */,
				AAD46E962C654186005F7B8A /* Assets.xcassets in Resources */,
			);
			runOnlyForDeploymentPostprocessing = 0;
		};
		AAD46E9C2C654187005F7B8A /* Resources */ = {
			isa = PBXResourcesBuildPhase;
			buildActionMask = 2147483647;
			files = (
			);
			runOnlyForDeploymentPostprocessing = 0;
		};
		AAD46EA62C654187005F7B8A /* Resources */ = {
			isa = PBXResourcesBuildPhase;
			buildActionMask = 2147483647;
			files = (
			);
			runOnlyForDeploymentPostprocessing = 0;
		};
/* End PBXResourcesBuildPhase section */

/* Begin PBXSourcesBuildPhase section */
		AAD46E8A2C654185005F7B8A /* Sources */ = {
			isa = PBXSourcesBuildPhase;
			buildActionMask = 2147483647;
			files = (
				AABE4E762C6E4480000B0965 /* WeightLineChart.swift in Sources */,
				AA2511AB2C6D01A100EC5824 /* Date+Ext.swift in Sources */,
				AA2511AC2C6D01A100EC5824 /* HealthKitService.swift in Sources */,
				AA2511AD2C6D01A100EC5824 /* HealthMetricContext.swift in Sources */,
				AABE4E792C6E5441000B0965 /* MockData.swift in Sources */,
				AABE4E7B2C6E7CFC000B0965 /* AnnotationView.swift in Sources */,
				AA2511AE2C6D01A100EC5824 /* HKPermissionPrimerView.swift in Sources */,
				AA2511AF2C6D01A100EC5824 /* DashboardView.swift in Sources */,
				AA2511B02C6D01A100EC5824 /* BackgroundGradient.swift in Sources */,
				AA2511B12C6D01A100EC5824 /* HealthDataListView.swift in Sources */,
				AA2511B22C6D01A100EC5824 /* HealthMetric.swift in Sources */,
				AA2511A32C6D019200EC5824 /* ChartMath.swift in Sources */,
				AA2511A42C6D019200EC5824 /* StepBarChart.swift in Sources */,
				AA2511A22C6D018B00EC5824 /* ChartDataTypes.swift in Sources */,
				AAFC01F92C6D04B4002A2820 /* StepPieChart.swift in Sources */,
				AAD46E922C654185005F7B8A /* StepsApp.swift in Sources */,
			);
			runOnlyForDeploymentPostprocessing = 0;
		};
		AAD46E9A2C654187005F7B8A /* Sources */ = {
			isa = PBXSourcesBuildPhase;
			buildActionMask = 2147483647;
			files = (
				AAD46EA32C654187005F7B8A /* StepsTests.swift in Sources */,
			);
			runOnlyForDeploymentPostprocessing = 0;
		};
		AAD46EA42C654187005F7B8A /* Sources */ = {
			isa = PBXSourcesBuildPhase;
			buildActionMask = 2147483647;
			files = (
				AAD46EAF2C654187005F7B8A /* StepsUITestsLaunchTests.swift in Sources */,
				AAD46EAD2C654187005F7B8A /* StepsUITests.swift in Sources */,
			);
			runOnlyForDeploymentPostprocessing = 0;
		};
/* End PBXSourcesBuildPhase section */

/* Begin PBXTargetDependency section */
		AAD46EA02C654187005F7B8A /* PBXTargetDependency */ = {
			isa = PBXTargetDependency;
			target = AAD46E8D2C654185005F7B8A /* Steps */;
			targetProxy = AAD46E9F2C654187005F7B8A /* PBXContainerItemProxy */;
		};
		AAD46EAA2C654187005F7B8A /* PBXTargetDependency */ = {
			isa = PBXTargetDependency;
			target = AAD46E8D2C654185005F7B8A /* Steps */;
			targetProxy = AAD46EA92C654187005F7B8A /* PBXContainerItemProxy */;
		};
/* End PBXTargetDependency section */

/* Begin XCBuildConfiguration section */
		AAD46EB02C654187005F7B8A /* Debug */ = {
			isa = XCBuildConfiguration;
			buildSettings = {
				ALWAYS_SEARCH_USER_PATHS = NO;
				ASSETCATALOG_COMPILER_GENERATE_SWIFT_ASSET_SYMBOL_EXTENSIONS = YES;
				CLANG_ANALYZER_NONNULL = YES;
				CLANG_ANALYZER_NUMBER_OBJECT_CONVERSION = YES_AGGRESSIVE;
				CLANG_CXX_LANGUAGE_STANDARD = "gnu++20";
				CLANG_ENABLE_MODULES = YES;
				CLANG_ENABLE_OBJC_ARC = YES;
				CLANG_ENABLE_OBJC_WEAK = YES;
				CLANG_WARN_BLOCK_CAPTURE_AUTORELEASING = YES;
				CLANG_WARN_BOOL_CONVERSION = YES;
				CLANG_WARN_COMMA = YES;
				CLANG_WARN_CONSTANT_CONVERSION = YES;
				CLANG_WARN_DEPRECATED_OBJC_IMPLEMENTATIONS = YES;
				CLANG_WARN_DIRECT_OBJC_ISA_USAGE = YES_ERROR;
				CLANG_WARN_DOCUMENTATION_COMMENTS = YES;
				CLANG_WARN_EMPTY_BODY = YES;
				CLANG_WARN_ENUM_CONVERSION = YES;
				CLANG_WARN_INFINITE_RECURSION = YES;
				CLANG_WARN_INT_CONVERSION = YES;
				CLANG_WARN_NON_LITERAL_NULL_CONVERSION = YES;
				CLANG_WARN_OBJC_IMPLICIT_RETAIN_SELF = YES;
				CLANG_WARN_OBJC_LITERAL_CONVERSION = YES;
				CLANG_WARN_OBJC_ROOT_CLASS = YES_ERROR;
				CLANG_WARN_QUOTED_INCLUDE_IN_FRAMEWORK_HEADER = YES;
				CLANG_WARN_RANGE_LOOP_ANALYSIS = YES;
				CLANG_WARN_STRICT_PROTOTYPES = YES;
				CLANG_WARN_SUSPICIOUS_MOVE = YES;
				CLANG_WARN_UNGUARDED_AVAILABILITY = YES_AGGRESSIVE;
				CLANG_WARN_UNREACHABLE_CODE = YES;
				CLANG_WARN__DUPLICATE_METHOD_MATCH = YES;
				COPY_PHASE_STRIP = NO;
				DEBUG_INFORMATION_FORMAT = dwarf;
				ENABLE_STRICT_OBJC_MSGSEND = YES;
				ENABLE_TESTABILITY = YES;
				ENABLE_USER_SCRIPT_SANDBOXING = YES;
				GCC_C_LANGUAGE_STANDARD = gnu17;
				GCC_DYNAMIC_NO_PIC = NO;
				GCC_NO_COMMON_BLOCKS = YES;
				GCC_OPTIMIZATION_LEVEL = 0;
				GCC_PREPROCESSOR_DEFINITIONS = (
					"DEBUG=1",
					"$(inherited)",
				);
				GCC_WARN_64_TO_32_BIT_CONVERSION = YES;
				GCC_WARN_ABOUT_RETURN_TYPE = YES_ERROR;
				GCC_WARN_UNDECLARED_SELECTOR = YES;
				GCC_WARN_UNINITIALIZED_AUTOS = YES_AGGRESSIVE;
				GCC_WARN_UNUSED_FUNCTION = YES;
				GCC_WARN_UNUSED_VARIABLE = YES;
				IPHONEOS_DEPLOYMENT_TARGET = 17.5;
				LOCALIZATION_PREFERS_STRING_CATALOGS = YES;
				MTL_ENABLE_DEBUG_INFO = INCLUDE_SOURCE;
				MTL_FAST_MATH = YES;
				ONLY_ACTIVE_ARCH = YES;
				SDKROOT = iphoneos;
				SWIFT_ACTIVE_COMPILATION_CONDITIONS = "DEBUG $(inherited)";
				SWIFT_OPTIMIZATION_LEVEL = "-Onone";
			};
			name = Debug;
		};
		AAD46EB12C654187005F7B8A /* Release */ = {
			isa = XCBuildConfiguration;
			buildSettings = {
				ALWAYS_SEARCH_USER_PATHS = NO;
				ASSETCATALOG_COMPILER_GENERATE_SWIFT_ASSET_SYMBOL_EXTENSIONS = YES;
				CLANG_ANALYZER_NONNULL = YES;
				CLANG_ANALYZER_NUMBER_OBJECT_CONVERSION = YES_AGGRESSIVE;
				CLANG_CXX_LANGUAGE_STANDARD = "gnu++20";
				CLANG_ENABLE_MODULES = YES;
				CLANG_ENABLE_OBJC_ARC = YES;
				CLANG_ENABLE_OBJC_WEAK = YES;
				CLANG_WARN_BLOCK_CAPTURE_AUTORELEASING = YES;
				CLANG_WARN_BOOL_CONVERSION = YES;
				CLANG_WARN_COMMA = YES;
				CLANG_WARN_CONSTANT_CONVERSION = YES;
				CLANG_WARN_DEPRECATED_OBJC_IMPLEMENTATIONS = YES;
				CLANG_WARN_DIRECT_OBJC_ISA_USAGE = YES_ERROR;
				CLANG_WARN_DOCUMENTATION_COMMENTS = YES;
				CLANG_WARN_EMPTY_BODY = YES;
				CLANG_WARN_ENUM_CONVERSION = YES;
				CLANG_WARN_INFINITE_RECURSION = YES;
				CLANG_WARN_INT_CONVERSION = YES;
				CLANG_WARN_NON_LITERAL_NULL_CONVERSION = YES;
				CLANG_WARN_OBJC_IMPLICIT_RETAIN_SELF = YES;
				CLANG_WARN_OBJC_LITERAL_CONVERSION = YES;
				CLANG_WARN_OBJC_ROOT_CLASS = YES_ERROR;
				CLANG_WARN_QUOTED_INCLUDE_IN_FRAMEWORK_HEADER = YES;
				CLANG_WARN_RANGE_LOOP_ANALYSIS = YES;
				CLANG_WARN_STRICT_PROTOTYPES = YES;
				CLANG_WARN_SUSPICIOUS_MOVE = YES;
				CLANG_WARN_UNGUARDED_AVAILABILITY = YES_AGGRESSIVE;
				CLANG_WARN_UNREACHABLE_CODE = YES;
				CLANG_WARN__DUPLICATE_METHOD_MATCH = YES;
				COPY_PHASE_STRIP = NO;
				DEBUG_INFORMATION_FORMAT = "dwarf-with-dsym";
				ENABLE_NS_ASSERTIONS = NO;
				ENABLE_STRICT_OBJC_MSGSEND = YES;
				ENABLE_USER_SCRIPT_SANDBOXING = YES;
				GCC_C_LANGUAGE_STANDARD = gnu17;
				GCC_NO_COMMON_BLOCKS = YES;
				GCC_WARN_64_TO_32_BIT_CONVERSION = YES;
				GCC_WARN_ABOUT_RETURN_TYPE = YES_ERROR;
				GCC_WARN_UNDECLARED_SELECTOR = YES;
				GCC_WARN_UNINITIALIZED_AUTOS = YES_AGGRESSIVE;
				GCC_WARN_UNUSED_FUNCTION = YES;
				GCC_WARN_UNUSED_VARIABLE = YES;
				IPHONEOS_DEPLOYMENT_TARGET = 17.5;
				LOCALIZATION_PREFERS_STRING_CATALOGS = YES;
				MTL_ENABLE_DEBUG_INFO = NO;
				MTL_FAST_MATH = YES;
				SDKROOT = iphoneos;
				SWIFT_COMPILATION_MODE = wholemodule;
				VALIDATE_PRODUCT = YES;
			};
			name = Release;
		};
		AAD46EB32C654187005F7B8A /* Debug */ = {
			isa = XCBuildConfiguration;
			buildSettings = {
				ASSETCATALOG_COMPILER_APPICON_NAME = AppIcon;
				ASSETCATALOG_COMPILER_GLOBAL_ACCENT_COLOR_NAME = AccentColor;
				CODE_SIGN_ENTITLEMENTS = Steps/Steps.entitlements;
				CODE_SIGN_STYLE = Automatic;
				CURRENT_PROJECT_VERSION = 1;
				DEVELOPMENT_ASSET_PATHS = "\"Steps/Preview Content\"";
				DEVELOPMENT_TEAM = N6RF4M6NH8;
				ENABLE_PREVIEWS = YES;
				GENERATE_INFOPLIST_FILE = YES;
				INFOPLIST_KEY_CFBundleDisplayName = "";
				INFOPLIST_KEY_LSApplicationCategoryType = "";
				INFOPLIST_KEY_NSHealthShareUsageDescription = "Allow Steps to access Health data.";
				INFOPLIST_KEY_NSHealthUpdateUsageDescription = "Allow Steps to add data to Health.";
				INFOPLIST_KEY_UIApplicationSceneManifest_Generation = YES;
				INFOPLIST_KEY_UIApplicationSupportsIndirectInputEvents = YES;
				INFOPLIST_KEY_UILaunchScreen_Generation = YES;
				INFOPLIST_KEY_UISupportedInterfaceOrientations_iPad = "UIInterfaceOrientationPortrait UIInterfaceOrientationPortraitUpsideDown UIInterfaceOrientationLandscapeLeft UIInterfaceOrientationLandscapeRight";
				INFOPLIST_KEY_UISupportedInterfaceOrientations_iPhone = "UIInterfaceOrientationPortrait UIInterfaceOrientationLandscapeLeft UIInterfaceOrientationLandscapeRight";
				LD_RUNPATH_SEARCH_PATHS = (
					"$(inherited)",
					"@executable_path/Frameworks",
				);
				MARKETING_VERSION = 1.0;
				PRODUCT_BUNDLE_IDENTIFIER = com.christianlavelle.Steps;
				PRODUCT_NAME = "$(TARGET_NAME)";
				SWIFT_EMIT_LOC_STRINGS = YES;
				SWIFT_VERSION = 5.0;
				TARGETED_DEVICE_FAMILY = "1,2";
			};
			name = Debug;
		};
		AAD46EB42C654187005F7B8A /* Release */ = {
			isa = XCBuildConfiguration;
			buildSettings = {
				ASSETCATALOG_COMPILER_APPICON_NAME = AppIcon;
				ASSETCATALOG_COMPILER_GLOBAL_ACCENT_COLOR_NAME = AccentColor;
				CODE_SIGN_ENTITLEMENTS = Steps/Steps.entitlements;
				CODE_SIGN_STYLE = Automatic;
				CURRENT_PROJECT_VERSION = 1;
				DEVELOPMENT_ASSET_PATHS = "\"Steps/Preview Content\"";
				DEVELOPMENT_TEAM = N6RF4M6NH8;
				ENABLE_PREVIEWS = YES;
				GENERATE_INFOPLIST_FILE = YES;
				INFOPLIST_KEY_CFBundleDisplayName = "";
				INFOPLIST_KEY_LSApplicationCategoryType = "";
				INFOPLIST_KEY_NSHealthShareUsageDescription = "Allow Steps to access Health data.";
				INFOPLIST_KEY_NSHealthUpdateUsageDescription = "Allow Steps to add data to Health.";
				INFOPLIST_KEY_UIApplicationSceneManifest_Generation = YES;
				INFOPLIST_KEY_UIApplicationSupportsIndirectInputEvents = YES;
				INFOPLIST_KEY_UILaunchScreen_Generation = YES;
				INFOPLIST_KEY_UISupportedInterfaceOrientations_iPad = "UIInterfaceOrientationPortrait UIInterfaceOrientationPortraitUpsideDown UIInterfaceOrientationLandscapeLeft UIInterfaceOrientationLandscapeRight";
				INFOPLIST_KEY_UISupportedInterfaceOrientations_iPhone = "UIInterfaceOrientationPortrait UIInterfaceOrientationLandscapeLeft UIInterfaceOrientationLandscapeRight";
				LD_RUNPATH_SEARCH_PATHS = (
					"$(inherited)",
					"@executable_path/Frameworks",
				);
				MARKETING_VERSION = 1.0;
				PRODUCT_BUNDLE_IDENTIFIER = com.christianlavelle.Steps;
				PRODUCT_NAME = "$(TARGET_NAME)";
				SWIFT_EMIT_LOC_STRINGS = YES;
				SWIFT_VERSION = 5.0;
				TARGETED_DEVICE_FAMILY = "1,2";
			};
			name = Release;
		};
		AAD46EB62C654187005F7B8A /* Debug */ = {
			isa = XCBuildConfiguration;
			buildSettings = {
				ALWAYS_EMBED_SWIFT_STANDARD_LIBRARIES = YES;
				BUNDLE_LOADER = "$(TEST_HOST)";
				CODE_SIGN_STYLE = Automatic;
				CURRENT_PROJECT_VERSION = 1;
				DEVELOPMENT_TEAM = N6RF4M6NH8;
				GENERATE_INFOPLIST_FILE = YES;
				IPHONEOS_DEPLOYMENT_TARGET = 17.5;
				MARKETING_VERSION = 1.0;
				PRODUCT_BUNDLE_IDENTIFIER = com.christianlavelle.StepsTests;
				PRODUCT_NAME = "$(TARGET_NAME)";
				SWIFT_EMIT_LOC_STRINGS = NO;
				SWIFT_VERSION = 5.0;
				TARGETED_DEVICE_FAMILY = "1,2";
				TEST_HOST = "$(BUILT_PRODUCTS_DIR)/Steps.app/$(BUNDLE_EXECUTABLE_FOLDER_PATH)/Steps";
			};
			name = Debug;
		};
		AAD46EB72C654187005F7B8A /* Release */ = {
			isa = XCBuildConfiguration;
			buildSettings = {
				ALWAYS_EMBED_SWIFT_STANDARD_LIBRARIES = YES;
				BUNDLE_LOADER = "$(TEST_HOST)";
				CODE_SIGN_STYLE = Automatic;
				CURRENT_PROJECT_VERSION = 1;
				DEVELOPMENT_TEAM = N6RF4M6NH8;
				GENERATE_INFOPLIST_FILE = YES;
				IPHONEOS_DEPLOYMENT_TARGET = 17.5;
				MARKETING_VERSION = 1.0;
				PRODUCT_BUNDLE_IDENTIFIER = com.christianlavelle.StepsTests;
				PRODUCT_NAME = "$(TARGET_NAME)";
				SWIFT_EMIT_LOC_STRINGS = NO;
				SWIFT_VERSION = 5.0;
				TARGETED_DEVICE_FAMILY = "1,2";
				TEST_HOST = "$(BUILT_PRODUCTS_DIR)/Steps.app/$(BUNDLE_EXECUTABLE_FOLDER_PATH)/Steps";
			};
			name = Release;
		};
		AAD46EB92C654187005F7B8A /* Debug */ = {
			isa = XCBuildConfiguration;
			buildSettings = {
				ALWAYS_EMBED_SWIFT_STANDARD_LIBRARIES = YES;
				CODE_SIGN_STYLE = Automatic;
				CURRENT_PROJECT_VERSION = 1;
				DEVELOPMENT_TEAM = N6RF4M6NH8;
				GENERATE_INFOPLIST_FILE = YES;
				MARKETING_VERSION = 1.0;
				PRODUCT_BUNDLE_IDENTIFIER = com.christianlavelle.StepsUITests;
				PRODUCT_NAME = "$(TARGET_NAME)";
				SWIFT_EMIT_LOC_STRINGS = NO;
				SWIFT_VERSION = 5.0;
				TARGETED_DEVICE_FAMILY = "1,2";
				TEST_TARGET_NAME = Steps;
			};
			name = Debug;
		};
		AAD46EBA2C654187005F7B8A /* Release */ = {
			isa = XCBuildConfiguration;
			buildSettings = {
				ALWAYS_EMBED_SWIFT_STANDARD_LIBRARIES = YES;
				CODE_SIGN_STYLE = Automatic;
				CURRENT_PROJECT_VERSION = 1;
				DEVELOPMENT_TEAM = N6RF4M6NH8;
				GENERATE_INFOPLIST_FILE = YES;
				MARKETING_VERSION = 1.0;
				PRODUCT_BUNDLE_IDENTIFIER = com.christianlavelle.StepsUITests;
				PRODUCT_NAME = "$(TARGET_NAME)";
				SWIFT_EMIT_LOC_STRINGS = NO;
				SWIFT_VERSION = 5.0;
				TARGETED_DEVICE_FAMILY = "1,2";
				TEST_TARGET_NAME = Steps;
			};
			name = Release;
		};
/* End XCBuildConfiguration section */

/* Begin XCConfigurationList section */
		AAD46E892C654185005F7B8A /* Build configuration list for PBXProject "Steps" */ = {
			isa = XCConfigurationList;
			buildConfigurations = (
				AAD46EB02C654187005F7B8A /* Debug */,
				AAD46EB12C654187005F7B8A /* Release */,
			);
			defaultConfigurationIsVisible = 0;
			defaultConfigurationName = Release;
		};
		AAD46EB22C654187005F7B8A /* Build configuration list for PBXNativeTarget "Steps" */ = {
			isa = XCConfigurationList;
			buildConfigurations = (
				AAD46EB32C654187005F7B8A /* Debug */,
				AAD46EB42C654187005F7B8A /* Release */,
			);
			defaultConfigurationIsVisible = 0;
			defaultConfigurationName = Release;
		};
		AAD46EB52C654187005F7B8A /* Build configuration list for PBXNativeTarget "StepsTests" */ = {
			isa = XCConfigurationList;
			buildConfigurations = (
				AAD46EB62C654187005F7B8A /* Debug */,
				AAD46EB72C654187005F7B8A /* Release */,
			);
			defaultConfigurationIsVisible = 0;
			defaultConfigurationName = Release;
		};
		AAD46EB82C654187005F7B8A /* Build configuration list for PBXNativeTarget "StepsUITests" */ = {
			isa = XCConfigurationList;
			buildConfigurations = (
				AAD46EB92C654187005F7B8A /* Debug */,
				AAD46EBA2C654187005F7B8A /* Release */,
			);
			defaultConfigurationIsVisible = 0;
			defaultConfigurationName = Release;
		};
/* End XCConfigurationList section */

/* Begin XCRemoteSwiftPackageReference section */
		AA1DB0422C6542DA00C41F37 /* XCRemoteSwiftPackageReference "swift-algorithms" */ = {
			isa = XCRemoteSwiftPackageReference;
			repositoryURL = "https://github.com/apple/swift-algorithms.git";
			requirement = {
				kind = upToNextMajorVersion;
				minimumVersion = 1.2.0;
			};
		};
/* End XCRemoteSwiftPackageReference section */

/* Begin XCSwiftPackageProductDependency section */
		AA1DB0442C65431200C41F37 /* Algorithms */ = {
			isa = XCSwiftPackageProductDependency;
			package = AA1DB0422C6542DA00C41F37 /* XCRemoteSwiftPackageReference "swift-algorithms" */;
			productName = Algorithms;
		};
/* End XCSwiftPackageProductDependency section */
	};
	rootObject = AAD46E862C654185005F7B8A /* Project object */;
}
